{
  "nodes": {
    "nixpkgs": {
      "locked": {
        "lastModified": 1664322887,
        "narHash": "sha256-7QkJUStwVHV+qLd4uHcTQAhllRtkwifbSvIEO3+m47c=",
        "owner": "NixOS",
        "repo": "nixpkgs",
        "rev": "c971f5a058e3419fb6a94ce5d763a7fd43e51e39",
        "type": "github"
      },
      "original": {
        "owner": "NixOS",
        "ref": "gnome",
        "repo": "nixpkgs",
        "type": "github"
      }
    },
    "root": {
      "inputs": {
        "nixpkgs": "nixpkgs"
      }
    }
  },
  "root": "root",
  "version": 7
}
